
Microsoft Visual Studio Solution File, Format Version 12.00
# Visual Studio Version 17
VisualStudioVersion = 17.5.33530.505
MinimumVisualStudioVersion = 10.0.40219.1
Project("{FAE04EC0-301F-11D3-BF4B-00C04F79EFBC}") = "TestAppUWP", "TestAppUWP\TestAppUWP.csproj", "{ADB12528-DC8A-4D49-8C9A-D4297EDDABD1}"
EndProject
Project("{FAE04EC0-301F-11D3-BF4B-00C04F79EFBC}") = "TestAppWinUI3", "TestAppWinUI3\TestAppWinUI3\TestAppWinUI3.csproj", "{4EC14CCF-C2D3-4D96-8EF0-D887598A3026}"
EndProject
Project("{FAE04EC0-301F-11D3-BF4B-00C04F79EFBC}") = "ViewModels", "ViewModels\ViewModels\ViewModels.csproj", "{774CFE88-6809-4847-95B8-15A3F20E1BB6}"
EndProject
Global
	GlobalSection(SolutionConfigurationPlatforms) = preSolution
		Debug|Any CPU = Debug|Any CPU
		Debug|ARM = Debug|ARM
		Debug|ARM64 = Debug|ARM64
		Debug|x64 = Debug|x64
		Debug|x86 = Debug|x86
		Release|Any CPU = Release|Any CPU
		Release|ARM = Release|ARM
		Release|ARM64 = Release|ARM64
		Release|x64 = Release|x64
		Release|x86 = Release|x86
	EndGlobalSection
	GlobalSection(ProjectConfigurationPlatforms) = postSolution
		{ADB12528-DC8A-4D49-8C9A-D4297EDDABD1}.Debug|Any CPU.ActiveCfg = Debug|x64
		{ADB12528-DC8A-4D49-8C9A-D4297EDDABD1}.Debug|Any CPU.Build.0 = Debug|x64
		{ADB12528-DC8A-4D49-8C9A-D4297EDDABD1}.Debug|Any CPU.Deploy.0 = Debug|x64
		{ADB12528-DC8A-4D49-8C9A-D4297EDDABD1}.Debug|ARM.ActiveCfg = Debug|ARM
		{ADB12528-DC8A-4D49-8C9A-D4297EDDABD1}.Debug|ARM.Build.0 = Debug|ARM
		{ADB12528-DC8A-4D49-8C9A-D4297EDDABD1}.Debug|ARM.Deploy.0 = Debug|ARM
		{ADB12528-DC8A-4D49-8C9A-D4297EDDABD1}.Debug|ARM64.ActiveCfg = Debug|ARM64
		{ADB12528-DC8A-4D49-8C9A-D4297EDDABD1}.Debug|ARM64.Build.0 = Debug|ARM64
		{ADB12528-DC8A-4D49-8C9A-D4297EDDABD1}.Debug|ARM64.Deploy.0 = Debug|ARM64
		{ADB12528-DC8A-4D49-8C9A-D4297EDDABD1}.Debug|x64.ActiveCfg = Debug|x64
		{ADB12528-DC8A-4D49-8C9A-D4297EDDABD1}.Debug|x64.Build.0 = Debug|x64
		{ADB12528-DC8A-4D49-8C9A-D4297EDDABD1}.Debug|x64.Deploy.0 = Debug|x64
		{ADB12528-DC8A-4D49-8C9A-D4297EDDABD1}.Debug|x86.ActiveCfg = Debug|x86
		{ADB12528-DC8A-4D49-8C9A-D4297EDDABD1}.Debug|x86.Build.0 = Debug|x86
		{ADB12528-DC8A-4D49-8C9A-D4297EDDABD1}.Debug|x86.Deploy.0 = Debug|x86
		{ADB12528-DC8A-4D49-8C9A-D4297EDDABD1}.Release|Any CPU.ActiveCfg = Release|x64
		{ADB12528-DC8A-4D49-8C9A-D4297EDDABD1}.Release|Any CPU.Build.0 = Release|x64
		{ADB12528-DC8A-4D49-8C9A-D4297EDDABD1}.Release|Any CPU.Deploy.0 = Release|x64
		{ADB12528-DC8A-4D49-8C9A-D4297EDDABD1}.Release|ARM.ActiveCfg = Release|ARM
		{ADB12528-DC8A-4D49-8C9A-D4297EDDABD1}.Release|ARM.Build.0 = Release|ARM
		{ADB12528-DC8A-4D49-8C9A-D4297EDDABD1}.Release|ARM.Deploy.0 = Release|ARM
		{ADB12528-DC8A-4D49-8C9A-D4297EDDABD1}.Release|ARM64.ActiveCfg = Release|ARM64
		{ADB12528-DC8A-4D49-8C9A-D4297EDDABD1}.Release|ARM64.Build.0 = Release|ARM64
		{ADB12528-DC8A-4D49-8C9A-D4297EDDABD1}.Release|ARM64.Deploy.0 = Release|ARM64
		{ADB12528-DC8A-4D49-8C9A-D4297EDDABD1}.Release|x64.ActiveCfg = Release|x64
		{ADB12528-DC8A-4D49-8C9A-D4297EDDABD1}.Release|x64.Build.0 = Release|x64
		{ADB12528-DC8A-4D49-8C9A-D4297EDDABD1}.Release|x64.Deploy.0 = Release|x64
		{ADB12528-DC8A-4D49-8C9A-D4297EDDABD1}.Release|x86.ActiveCfg = Release|x86
		{ADB12528-DC8A-4D49-8C9A-D4297EDDABD1}.Release|x86.Build.0 = Release|x86
		{ADB12528-DC8A-4D49-8C9A-D4297EDDABD1}.Release|x86.Deploy.0 = Release|x86
		{4EC14CCF-C2D3-4D96-8EF0-D887598A3026}.Debug|Any CPU.ActiveCfg = Debug|x64
		{4EC14CCF-C2D3-4D96-8EF0-D887598A3026}.Debug|Any CPU.Build.0 = Debug|x64
		{4EC14CCF-C2D3-4D96-8EF0-D887598A3026}.Debug|Any CPU.Deploy.0 = Debug|x64
		{4EC14CCF-C2D3-4D96-8EF0-D887598A3026}.Debug|ARM.ActiveCfg = Debug|x64
		{4EC14CCF-C2D3-4D96-8EF0-D887598A3026}.Debug|ARM.Build.0 = Debug|x64
		{4EC14CCF-C2D3-4D96-8EF0-D887598A3026}.Debug|ARM.Deploy.0 = Debug|x64
		{4EC14CCF-C2D3-4D96-8EF0-D887598A3026}.Debug|ARM64.ActiveCfg = Debug|ARM64
		{4EC14CCF-C2D3-4D96-8EF0-D887598A3026}.Debug|ARM64.Build.0 = Debug|ARM64
		{4EC14CCF-C2D3-4D96-8EF0-D887598A3026}.Debug|ARM64.Deploy.0 = Debug|ARM64
		{4EC14CCF-C2D3-4D96-8EF0-D887598A3026}.Debug|x64.ActiveCfg = Debug|x64
		{4EC14CCF-C2D3-4D96-8EF0-D887598A3026}.Debug|x64.Build.0 = Debug|x64
		{4EC14CCF-C2D3-4D96-8EF0-D887598A3026}.Debug|x64.Deploy.0 = Debug|x64
		{4EC14CCF-C2D3-4D96-8EF0-D887598A3026}.Debug|x86.ActiveCfg = Debug|x86
		{4EC14CCF-C2D3-4D96-8EF0-D887598A3026}.Debug|x86.Build.0 = Debug|x86
		{4EC14CCF-C2D3-4D96-8EF0-D887598A3026}.Debug|x86.Deploy.0 = Debug|x86
		{4EC14CCF-C2D3-4D96-8EF0-D887598A3026}.Release|Any CPU.ActiveCfg = Release|x64
		{4EC14CCF-C2D3-4D96-8EF0-D887598A3026}.Release|Any CPU.Build.0 = Release|x64
		{4EC14CCF-C2D3-4D96-8EF0-D887598A3026}.Release|Any CPU.Deploy.0 = Release|x64
		{4EC14CCF-C2D3-4D96-8EF0-D887598A3026}.Release|ARM.ActiveCfg = Release|x64
		{4EC14CCF-C2D3-4D96-8EF0-D887598A3026}.Release|ARM.Build.0 = Release|x64
		{4EC14CCF-C2D3-4D96-8EF0-D887598A3026}.Release|ARM.Deploy.0 = Release|x64
		{4EC14CCF-C2D3-4D96-8EF0-D887598A3026}.Release|ARM64.ActiveCfg = Release|ARM64
		{4EC14CCF-C2D3-4D96-8EF0-D887598A3026}.Release|ARM64.Build.0 = Release|ARM64
		{4EC14CCF-C2D3-4D96-8EF0-D887598A3026}.Release|ARM64.Deploy.0 = Release|ARM64
		{4EC14CCF-C2D3-4D96-8EF0-D887598A3026}.Release|x64.ActiveCfg = Release|x64
		{4EC14CCF-C2D3-4D96-8EF0-D887598A3026}.Release|x64.Build.0 = Release|x64
		{4EC14CCF-C2D3-4D96-8EF0-D887598A3026}.Release|x64.Deploy.0 = Release|x64
		{4EC14CCF-C2D3-4D96-8EF0-D887598A3026}.Release|x86.ActiveCfg = Release|x86
		{4EC14CCF-C2D3-4D96-8EF0-D887598A3026}.Release|x86.Build.0 = Release|x86
		{4EC14CCF-C2D3-4D96-8EF0-D887598A3026}.Release|x86.Deploy.0 = Release|x86
		{774CFE88-6809-4847-95B8-15A3F20E1BB6}.Debug|Any CPU.ActiveCfg = Debug|Any CPU
		{774CFE88-6809-4847-95B8-15A3F20E1BB6}.Debug|Any CPU.Build.0 = Debug|Any CPU
		{774CFE88-6809-4847-95B8-15A3F20E1BB6}.Debug|ARM.ActiveCfg = Debug|Any CPU
		{774CFE88-6809-4847-95B8-15A3F20E1BB6}.Debug|ARM.Build.0 = Debug|Any CPU
		{774CFE88-6809-4847-95B8-15A3F20E1BB6}.Debug|ARM64.ActiveCfg = Debug|Any CPU
		{774CFE88-6809-4847-95B8-15A3F20E1BB6}.Debug|ARM64.Build.0 = Debug|Any CPU
		{774CFE88-6809-4847-95B8-15A3F20E1BB6}.Debug|x64.ActiveCfg = Debug|Any CPU
		{774CFE88-6809-4847-95B8-15A3F20E1BB6}.Debug|x64.Build.0 = Debug|Any CPU
		{774CFE88-6809-4847-95B8-15A3F20E1BB6}.Debug|x86.ActiveCfg = Debug|Any CPU
		{774CFE88-6809-4847-95B8-15A3F20E1BB6}.Debug|x86.Build.0 = Debug|Any CPU
		{774CFE88-6809-4847-95B8-15A3F20E1BB6}.Release|Any CPU.ActiveCfg = Release|Any CPU
		{774CFE88-6809-4847-95B8-15A3F20E1BB6}.Release|Any CPU.Build.0 = Release|Any CPU
		{774CFE88-6809-4847-95B8-15A3F20E1BB6}.Release|ARM.ActiveCfg = Release|Any CPU
		{774CFE88-6809-4847-95B8-15A3F20E1BB6}.Release|ARM.Build.0 = Release|Any CPU
		{774CFE88-6809-4847-95B8-15A3F20E1BB6}.Release|ARM64.ActiveCfg = Release|Any CPU
		{774CFE88-6809-4847-95B8-15A3F20E1BB6}.Release|ARM64.Build.0 = Release|Any CPU
		{774CFE88-6809-4847-95B8-15A3F20E1BB6}.Release|x64.ActiveCfg = Release|Any CPU
		{774CFE88-6809-4847-95B8-15A3F20E1BB6}.Release|x64.Build.0 = Release|Any CPU
		{774CFE88-6809-4847-95B8-15A3F20E1BB6}.Release|x86.ActiveCfg = Release|Any CPU
		{774CFE88-6809-4847-95B8-15A3F20E1BB6}.Release|x86.Build.0 = Release|Any CPU
	EndGlobalSection
	GlobalSection(SolutionProperties) = preSolution
		HideSolutionNode = FALSE
	EndGlobalSection
	GlobalSection(ExtensibilityGlobals) = postSolution
		SolutionGuid = {19616722-22AF-40A7-BEFA-8C501E507A54}
	EndGlobalSection
EndGlobal
